
Microsoft Visual Studio Solution File, Format Version 12.00
# Visual Studio Version 16
VisualStudioVersion = 16.0.31702.278
MinimumVisualStudioVersion = 10.0.40219.1
Project("{8BC9CEB8-8B4A-11D0-8D11-00A0C91BC942}") = "Spioszki", "Spioszki.vcxproj", "{B8B0D550-F127-425F-BF7F-6F3561A10277}"
EndProject
Project("{54435603-DBB4-11D2-8724-00A0C9A8B90C}") = "Spioszki_setup", "..\Spioszki_setup\Spioszki_setup.vdproj", "{E7DA628F-CCFF-4B82-B078-8F89E941044C}"
EndProject
Global
	GlobalSection(SolutionConfigurationPlatforms) = preSolution
		Debug|x64 = Debug|x64
		Debug|x86 = Debug|x86
		Release|x64 = Release|x64
		Release|x86 = Release|x86
	EndGlobalSection
	GlobalSection(ProjectConfigurationPlatforms) = postSolution
		{B8B0D550-F127-425F-BF7F-6F3561A10277}.Debug|x64.ActiveCfg = Debug|x64
		{B8B0D550-F127-425F-BF7F-6F3561A10277}.Debug|x64.Build.0 = Debug|x64
		{B8B0D550-F127-425F-BF7F-6F3561A10277}.Debug|x86.ActiveCfg = Debug|Win32
		{B8B0D550-F127-425F-BF7F-6F3561A10277}.Debug|x86.Build.0 = Debug|Win32
		{B8B0D550-F127-425F-BF7F-6F3561A10277}.Release|x64.ActiveCfg = Release|x64
		{B8B0D550-F127-425F-BF7F-6F3561A10277}.Release|x64.Build.0 = Release|x64
		{B8B0D550-F127-425F-BF7F-6F3561A10277}.Release|x86.ActiveCfg = Release|Win32
		{B8B0D550-F127-425F-BF7F-6F3561A10277}.Release|x86.Build.0 = Release|Win32
		{E7DA628F-CCFF-4B82-B078-8F89E941044C}.Debug|x64.ActiveCfg = Debug
		{E7DA628F-CCFF-4B82-B078-8F89E941044C}.Debug|x86.ActiveCfg = Debug
		{E7DA628F-CCFF-4B82-B078-8F89E941044C}.Release|x64.ActiveCfg = Release
		{E7DA628F-CCFF-4B82-B078-8F89E941044C}.Release|x86.ActiveCfg = Release
	EndGlobalSection
	GlobalSection(SolutionProperties) = preSolution
		HideSolutionNode = FALSE
	EndGlobalSection
	GlobalSection(ExtensibilityGlobals) = postSolution
		SolutionGuid = {ADDF5084-1A00-4E36-A354-F8656C44C144}
	EndGlobalSection
EndGlobal
